# THIS IS AN AUTOGENERATED FILE. DO NOT EDIT THIS FILE DIRECTLY.
# yarn lockfile v1


uikit@^3.2.6:
  version "3.3.1"
  resolved "https://registry.yarnpkg.com/uikit/-/uikit-3.3.1.tgz#342987c1d5072a04f63630429310e79cd74d7b8a"
  integrity sha512-ddE01TPVP2rA8A/a9wkaixkhympjIOfpL//Gp0lHrjTNskBZYIazmBjW9OifJNrvp5di/1kbWVBl8fWKswAQnQ==
