# THIS IS AN AUTOGENERATED FILE. DO NOT EDIT THIS FILE DIRECTLY.
# yarn lockfile v1


"@material/feature-targeting@^3.1.0":
  version "3.1.0"
  resolved "https://registry.yarnpkg.com/@material/feature-targeting/-/feature-targeting-3.1.0.tgz#a6f6cacd1e0c9b60dc82f2f3bb2de8cfd472252b"
  integrity sha512-aXAa1Pv6w32URacE9LfMsl9zI6hFwx1K0Lp3Xpyf4rAkmaAB6z0gOkhicOrVFc0f64YheJgHjE7hJFieVenQdw==

"@material/image-list@^3.1.0":
  version "3.1.0"
  resolved "https://registry.yarnpkg.com/@material/image-list/-/image-list-3.1.0.tgz#667683867e21aafb51098c4613233558e616648e"
  integrity sha512-t4dIMdbLpFUIC1rm/KpLkBqCiRUhag8Hp+AajYypfJADFTfhaflp1PvcIRsx32PRM3aIpAAf+fQrrU/HbLUGEQ==
  dependencies:
    "@material/feature-targeting" "^3.1.0"
    "@material/shape" "^3.1.0"
    "@material/theme" "^3.1.0"
    "@material/typography" "^3.1.0"

"@material/shape@^3.1.0":
  version "3.1.0"
  resolved "https://registry.yarnpkg.com/@material/shape/-/shape-3.1.0.tgz#7ccac6606d0ae45b779b3e52b8921c09c2b2f429"
  integrity sha512-Oyvs7YjHfByA0e9IVVp7ojAlPwgSu3Bl0cioiE0OdkidkAaNu0izM2ryRzMBDH5o8+lRD0kpZoT+9CVVCdaYIg==
  dependencies:
    "@material/feature-targeting" "^3.1.0"

"@material/theme@^3.1.0":
  version "3.1.0"
  resolved "https://registry.yarnpkg.com/@material/theme/-/theme-3.1.0.tgz#d31147bbc9e20bdaa3e322c9e898e4fc98807d8c"
  integrity sha512-N4JX+akOwg1faAvFvIEhDcwW4cZfUpwEn8lct6Vs3WczjLF6/KdIoLVaYh+eVl1bzfsoIuWvx56j0B1PjXZw9g==
  dependencies:
    "@material/feature-targeting" "^3.1.0"

"@material/typography@^3.1.0":
  version "3.1.0"
  resolved "https://registry.yarnpkg.com/@material/typography/-/typography-3.1.0.tgz#5a3aee31f49f6b8c87ebc91b77c5b896b280c492"
  integrity sha512-aSNBQvVxIH1kORSYdLGuSTivx6oJ1MSOSTUAsUwhXPQLQlvbdFeZaqUp7xgn+EvRsHGRFhWk5YGuiBds9+7zQg==
  dependencies:
    "@material/feature-targeting" "^3.1.0"

materialize-css@^1.0.0-rc.2:
  version "1.0.0-rc.2"
  resolved "https://registry.yarnpkg.com/materialize-css/-/materialize-css-1.0.0-rc.2.tgz#b9e6b18f698c6ef77bb6b628d59147faf131eff5"
  integrity sha512-FuQmSyq4Qv0ov7A2qXw0E6/jbQzSWx2P1pg2/XQDYTkkSc/GyiFAxu3fw9zgShwuTvyumEiw5jkxQWT9siqMBQ==
